{
  "name": "nodejs",
  "version": "1.0.0",
  "lockfileVersion": 3,
  "requires": true,
  "packages": {
    "": {
      "name": "nodejs",
      "version": "1.0.0",
      "license": "ISC",
      "dependencies": {
        "cloudproof_js": "file:../.."
      }
    },
    "../..": {
      "version": "10.0.1",
      "license": "MIT",
      "dependencies": {
        "base64-js": "^1.5.1",
        "better-sqlite3": "^11.5.0",
        "cloudproof_kms_js": "4.0.0",
        "dotenv": "^16.3.1",
        "jose": "^4.14.4",
        "process": "^0.11.10",
        "stream-browserify": "^3.0.0"
      },
      "devDependencies": {
        "@rollup/plugin-commonjs": "^24.0.1",
        "@rollup/plugin-typescript": "^9.0.2",
        "@rollup/plugin-wasm": "^6.0.1",
        "@types/better-sqlite3": "^7.6.3",
        "@types/node": "^18.7.18",
        "@types/uuid": "^8.3.4",
        "@typescript-eslint/eslint-plugin": "^5.36.2",
        "eslint": "^8.23.1",
        "eslint-config-prettier": "^8.5.0",
        "eslint-config-standard-with-typescript": "^22.0.0",
        "eslint-plugin-import": "^2.26.0",
        "eslint-plugin-jsdoc": "^46.4.3",
        "eslint-plugin-n": "^15.2.5",
        "eslint-plugin-promise": "^6.0.1",
        "prettier": "2.7.1",
        "puppeteer": "^19.11.1",
        "redis": "^4.3.1",
        "rollup": "^3.3.0",
        "typescript": "^4.9.0",
        "typescript-language-server": "^3.0.1",
        "uuid": "^9.0.0",
        "vitest": "^0.25.2"
      }
    },
    "node_modules/cloudproof_js": {
      "resolved": "../..",
      "link": true
    }
  }
}
